
Microsoft Visual Studio Solution File, Format Version 12.00
# Visual Studio Version 16
VisualStudioVersion = 16.0.29215.179
MinimumVisualStudioVersion = 10.0.40219.1
Project("{FAE04EC0-301F-11D3-BF4B-00C04F79EFBC}") = "Hotel.Admin", "Hotel.Admin\Hotel.Admin.csproj", "{560AA4C7-2303-423C-B836-16A0375521AE}"
EndProject
Project("{FAE04EC0-301F-11D3-BF4B-00C04F79EFBC}") = "Hotel.Model", "Hotel.Model\Hotel.Model.csproj", "{CC83D72B-8DF3-4B1D-957F-7A85142E29FB}"
EndProject
Project("{FAE04EC0-301F-11D3-BF4B-00C04F79EFBC}") = "Hotel.Bll", "Hotel.Bll\Hotel.Bll.csproj", "{7327867A-6300-43D5-B378-866BD945E4CA}"
EndProject
Project("{FAE04EC0-301F-11D3-BF4B-00C04F79EFBC}") = "Hotel.Dal", "Hotel.Dal\Hotel.Dal.csproj", "{06BF3759-C7F8-4A5F-85CA-CE561D8BCAFF}"
EndProject
Project("{FAE04EC0-301F-11D3-BF4B-00C04F79EFBC}") = "Hotel.Redis", "Hotel.Redis\Hotel.Redis.csproj", "{1D35E71A-57CB-4A43-9CCC-947F89C8FE89}"
EndProject
Project("{FAE04EC0-301F-11D3-BF4B-00C04F79EFBC}") = "Hotel.WebCache", "Hotel.WebCache\Hotel.WebCache.csproj", "{B8276D93-DE53-4BB7-B36C-491169932684}"
EndProject
Project("{FAE04EC0-301F-11D3-BF4B-00C04F79EFBC}") = "MC.ORM", "MC.ORM\MC.ORM.csproj", "{D12C78CD-EDBB-46E4-A15E-6203BA3FE8E6}"
EndProject
Project("{FAE04EC0-301F-11D3-BF4B-00C04F79EFBC}") = "NIU.Forum.Common", "NIU.Forum.Common\NIU.Forum.Common.csproj", "{1C13F31D-31D8-47EA-B45F-197C3BFC0FA6}"
EndProject
Project("{FAE04EC0-301F-11D3-BF4B-00C04F79EFBC}") = "NIU.Core", "NIU.Core\NIU.Core.csproj", "{97A8F9FE-CC4E-4B06-BEBB-1B4CFCF57AED}"
EndProject
Project("{FAE04EC0-301F-11D3-BF4B-00C04F79EFBC}") = "NIU.Common.BLL", "NIU.Common.BLL\NIU.Common.BLL.csproj", "{6C1FD4F7-47C3-461F-98EB-17A9E71AF34B}"
EndProject
Project("{FAE04EC0-301F-11D3-BF4B-00C04F79EFBC}") = "Hotel.ActiveX", "Hotel.ActiveX\Hotel.ActiveX.csproj", "{79891E3A-2DC7-46C1-BC33-21FF3838F579}"
EndProject
Project("{FAE04EC0-301F-11D3-BF4B-00C04F79EFBC}") = "BillCount", "BillCount\BillCount.csproj", "{1E754DEC-D14A-4B10-99CE-2CB1BE3620D7}"
EndProject
Global
	GlobalSection(SolutionConfigurationPlatforms) = preSolution
		4.6|Any CPU = 4.6|Any CPU
		Debug|Any CPU = Debug|Any CPU
		Release|Any CPU = Release|Any CPU
	EndGlobalSection
	GlobalSection(ProjectConfigurationPlatforms) = postSolution
		{560AA4C7-2303-423C-B836-16A0375521AE}.4.6|Any CPU.ActiveCfg = Release|Any CPU
		{560AA4C7-2303-423C-B836-16A0375521AE}.4.6|Any CPU.Build.0 = Release|Any CPU
		{560AA4C7-2303-423C-B836-16A0375521AE}.Debug|Any CPU.ActiveCfg = Debug|Any CPU
		{560AA4C7-2303-423C-B836-16A0375521AE}.Debug|Any CPU.Build.0 = Debug|Any CPU
		{560AA4C7-2303-423C-B836-16A0375521AE}.Release|Any CPU.ActiveCfg = Release|Any CPU
		{560AA4C7-2303-423C-B836-16A0375521AE}.Release|Any CPU.Build.0 = Release|Any CPU
		{CC83D72B-8DF3-4B1D-957F-7A85142E29FB}.4.6|Any CPU.ActiveCfg = Release|Any CPU
		{CC83D72B-8DF3-4B1D-957F-7A85142E29FB}.4.6|Any CPU.Build.0 = Release|Any CPU
		{CC83D72B-8DF3-4B1D-957F-7A85142E29FB}.Debug|Any CPU.ActiveCfg = Debug|Any CPU
		{CC83D72B-8DF3-4B1D-957F-7A85142E29FB}.Debug|Any CPU.Build.0 = Debug|Any CPU
		{CC83D72B-8DF3-4B1D-957F-7A85142E29FB}.Release|Any CPU.ActiveCfg = Release|Any CPU
		{CC83D72B-8DF3-4B1D-957F-7A85142E29FB}.Release|Any CPU.Build.0 = Release|Any CPU
		{7327867A-6300-43D5-B378-866BD945E4CA}.4.6|Any CPU.ActiveCfg = Release|Any CPU
		{7327867A-6300-43D5-B378-866BD945E4CA}.4.6|Any CPU.Build.0 = Release|Any CPU
		{7327867A-6300-43D5-B378-866BD945E4CA}.Debug|Any CPU.ActiveCfg = Debug|Any CPU
		{7327867A-6300-43D5-B378-866BD945E4CA}.Debug|Any CPU.Build.0 = Debug|Any CPU
		{7327867A-6300-43D5-B378-866BD945E4CA}.Release|Any CPU.ActiveCfg = Release|Any CPU
		{7327867A-6300-43D5-B378-866BD945E4CA}.Release|Any CPU.Build.0 = Release|Any CPU
		{06BF3759-C7F8-4A5F-85CA-CE561D8BCAFF}.4.6|Any CPU.ActiveCfg = Release|Any CPU
		{06BF3759-C7F8-4A5F-85CA-CE561D8BCAFF}.4.6|Any CPU.Build.0 = Release|Any CPU
		{06BF3759-C7F8-4A5F-85CA-CE561D8BCAFF}.Debug|Any CPU.ActiveCfg = Debug|Any CPU
		{06BF3759-C7F8-4A5F-85CA-CE561D8BCAFF}.Debug|Any CPU.Build.0 = Debug|Any CPU
		{06BF3759-C7F8-4A5F-85CA-CE561D8BCAFF}.Release|Any CPU.ActiveCfg = Release|Any CPU
		{06BF3759-C7F8-4A5F-85CA-CE561D8BCAFF}.Release|Any CPU.Build.0 = Release|Any CPU
		{1D35E71A-57CB-4A43-9CCC-947F89C8FE89}.4.6|Any CPU.ActiveCfg = Release|Any CPU
		{1D35E71A-57CB-4A43-9CCC-947F89C8FE89}.4.6|Any CPU.Build.0 = Release|Any CPU
		{1D35E71A-57CB-4A43-9CCC-947F89C8FE89}.Debug|Any CPU.ActiveCfg = Debug|Any CPU
		{1D35E71A-57CB-4A43-9CCC-947F89C8FE89}.Debug|Any CPU.Build.0 = Debug|Any CPU
		{1D35E71A-57CB-4A43-9CCC-947F89C8FE89}.Release|Any CPU.ActiveCfg = Release|Any CPU
		{1D35E71A-57CB-4A43-9CCC-947F89C8FE89}.Release|Any CPU.Build.0 = Release|Any CPU
		{B8276D93-DE53-4BB7-B36C-491169932684}.4.6|Any CPU.ActiveCfg = Release|Any CPU
		{B8276D93-DE53-4BB7-B36C-491169932684}.4.6|Any CPU.Build.0 = Release|Any CPU
		{B8276D93-DE53-4BB7-B36C-491169932684}.Debug|Any CPU.ActiveCfg = Debug|Any CPU
		{B8276D93-DE53-4BB7-B36C-491169932684}.Debug|Any CPU.Build.0 = Debug|Any CPU
		{B8276D93-DE53-4BB7-B36C-491169932684}.Release|Any CPU.ActiveCfg = Release|Any CPU
		{B8276D93-DE53-4BB7-B36C-491169932684}.Release|Any CPU.Build.0 = Release|Any CPU
		{D12C78CD-EDBB-46E4-A15E-6203BA3FE8E6}.4.6|Any CPU.ActiveCfg = 4.6|Any CPU
		{D12C78CD-EDBB-46E4-A15E-6203BA3FE8E6}.4.6|Any CPU.Build.0 = 4.6|Any CPU
		{D12C78CD-EDBB-46E4-A15E-6203BA3FE8E6}.Debug|Any CPU.ActiveCfg = Debug|Any CPU
		{D12C78CD-EDBB-46E4-A15E-6203BA3FE8E6}.Debug|Any CPU.Build.0 = Debug|Any CPU
		{D12C78CD-EDBB-46E4-A15E-6203BA3FE8E6}.Release|Any CPU.ActiveCfg = Release|Any CPU
		{D12C78CD-EDBB-46E4-A15E-6203BA3FE8E6}.Release|Any CPU.Build.0 = Release|Any CPU
		{1C13F31D-31D8-47EA-B45F-197C3BFC0FA6}.4.6|Any CPU.ActiveCfg = Release|Any CPU
		{1C13F31D-31D8-47EA-B45F-197C3BFC0FA6}.4.6|Any CPU.Build.0 = Release|Any CPU
		{1C13F31D-31D8-47EA-B45F-197C3BFC0FA6}.Debug|Any CPU.ActiveCfg = Debug|Any CPU
		{1C13F31D-31D8-47EA-B45F-197C3BFC0FA6}.Debug|Any CPU.Build.0 = Debug|Any CPU
		{1C13F31D-31D8-47EA-B45F-197C3BFC0FA6}.Release|Any CPU.ActiveCfg = Release|Any CPU
		{1C13F31D-31D8-47EA-B45F-197C3BFC0FA6}.Release|Any CPU.Build.0 = Release|Any CPU
		{97A8F9FE-CC4E-4B06-BEBB-1B4CFCF57AED}.4.6|Any CPU.ActiveCfg = Release|Any CPU
		{97A8F9FE-CC4E-4B06-BEBB-1B4CFCF57AED}.4.6|Any CPU.Build.0 = Release|Any CPU
		{97A8F9FE-CC4E-4B06-BEBB-1B4CFCF57AED}.Debug|Any CPU.ActiveCfg = Debug|Any CPU
		{97A8F9FE-CC4E-4B06-BEBB-1B4CFCF57AED}.Debug|Any CPU.Build.0 = Debug|Any CPU
		{97A8F9FE-CC4E-4B06-BEBB-1B4CFCF57AED}.Release|Any CPU.ActiveCfg = Release|Any CPU
		{97A8F9FE-CC4E-4B06-BEBB-1B4CFCF57AED}.Release|Any CPU.Build.0 = Release|Any CPU
		{6C1FD4F7-47C3-461F-98EB-17A9E71AF34B}.4.6|Any CPU.ActiveCfg = Release|Any CPU
		{6C1FD4F7-47C3-461F-98EB-17A9E71AF34B}.4.6|Any CPU.Build.0 = Release|Any CPU
		{6C1FD4F7-47C3-461F-98EB-17A9E71AF34B}.Debug|Any CPU.ActiveCfg = Debug|Any CPU
		{6C1FD4F7-47C3-461F-98EB-17A9E71AF34B}.Debug|Any CPU.Build.0 = Debug|Any CPU
		{6C1FD4F7-47C3-461F-98EB-17A9E71AF34B}.Release|Any CPU.ActiveCfg = Release|Any CPU
		{6C1FD4F7-47C3-461F-98EB-17A9E71AF34B}.Release|Any CPU.Build.0 = Release|Any CPU
		{79891E3A-2DC7-46C1-BC33-21FF3838F579}.4.6|Any CPU.ActiveCfg = Release|Any CPU
		{79891E3A-2DC7-46C1-BC33-21FF3838F579}.4.6|Any CPU.Build.0 = Release|Any CPU
		{79891E3A-2DC7-46C1-BC33-21FF3838F579}.Debug|Any CPU.ActiveCfg = Debug|Any CPU
		{79891E3A-2DC7-46C1-BC33-21FF3838F579}.Debug|Any CPU.Build.0 = Debug|Any CPU
		{79891E3A-2DC7-46C1-BC33-21FF3838F579}.Release|Any CPU.ActiveCfg = Release|Any CPU
		{79891E3A-2DC7-46C1-BC33-21FF3838F579}.Release|Any CPU.Build.0 = Release|Any CPU
		{1E754DEC-D14A-4B10-99CE-2CB1BE3620D7}.4.6|Any CPU.ActiveCfg = Release|Any CPU
		{1E754DEC-D14A-4B10-99CE-2CB1BE3620D7}.4.6|Any CPU.Build.0 = Release|Any CPU
		{1E754DEC-D14A-4B10-99CE-2CB1BE3620D7}.Debug|Any CPU.ActiveCfg = Debug|Any CPU
		{1E754DEC-D14A-4B10-99CE-2CB1BE3620D7}.Debug|Any CPU.Build.0 = Debug|Any CPU
		{1E754DEC-D14A-4B10-99CE-2CB1BE3620D7}.Release|Any CPU.ActiveCfg = Release|Any CPU
		{1E754DEC-D14A-4B10-99CE-2CB1BE3620D7}.Release|Any CPU.Build.0 = Release|Any CPU
	EndGlobalSection
	GlobalSection(SolutionProperties) = preSolution
		HideSolutionNode = FALSE
	EndGlobalSection
	GlobalSection(ExtensibilityGlobals) = postSolution
		SolutionGuid = {E99F4815-4AE1-4FCE-86CA-457A9547D784}
	EndGlobalSection
EndGlobal
